
Microsoft Visual Studio Solution File, Format Version 12.00
# Visual Studio Version 16
VisualStudioVersion = 16.0.31624.102
MinimumVisualStudioVersion = 10.0.40219.1
Project("{8BC9CEB8-8B4A-11D0-8D11-00A0C91BC942}") = "9.9", "9.9\9.9.vcxproj", "{0963C06D-0667-4A75-877C-90671FAC6038}"
EndProject
Global
	GlobalSection(SolutionConfigurationPlatforms) = preSolution
		Debug|x64 = Debug|x64
		Debug|x86 = Debug|x86
		Release|x64 = Release|x64
		Release|x86 = Release|x86
	EndGlobalSection
	GlobalSection(ProjectConfigurationPlatforms) = postSolution
		{0963C06D-0667-4A75-877C-90671FAC6038}.Debug|x64.ActiveCfg = Debug|x64
		{0963C06D-0667-4A75-877C-90671FAC6038}.Debug|x64.Build.0 = Debug|x64
		{0963C06D-0667-4A75-877C-90671FAC6038}.Debug|x86.ActiveCfg = Debug|Win32
		{0963C06D-0667-4A75-877C-90671FAC6038}.Debug|x86.Build.0 = Debug|Win32
		{0963C06D-0667-4A75-877C-90671FAC6038}.Release|x64.ActiveCfg = Release|x64
		{0963C06D-0667-4A75-877C-90671FAC6038}.Release|x64.Build.0 = Release|x64
		{0963C06D-0667-4A75-877C-90671FAC6038}.Release|x86.ActiveCfg = Release|Win32
		{0963C06D-0667-4A75-877C-90671FAC6038}.Release|x86.Build.0 = Release|Win32
	EndGlobalSection
	GlobalSection(SolutionProperties) = preSolution
		HideSolutionNode = FALSE
	EndGlobalSection
	GlobalSection(ExtensibilityGlobals) = postSolution
		SolutionGuid = {14BD066C-2506-4585-9AF9-AB3CD7CC021E}
	EndGlobalSection
EndGlobal
