
Microsoft Visual Studio Solution File, Format Version 12.00
# Visual Studio Version 16
VisualStudioVersion = 16.0.31624.102
MinimumVisualStudioVersion = 10.0.40219.1
Project("{8BC9CEB8-8B4A-11D0-8D11-00A0C91BC942}") = "3.14", "3.14\3.14.vcxproj", "{01856013-9E24-4837-B05B-58AC717F5FCE}"
EndProject
Global
	GlobalSection(SolutionConfigurationPlatforms) = preSolution
		Debug|x64 = Debug|x64
		Debug|x86 = Debug|x86
		Release|x64 = Release|x64
		Release|x86 = Release|x86
	EndGlobalSection
	GlobalSection(ProjectConfigurationPlatforms) = postSolution
		{01856013-9E24-4837-B05B-58AC717F5FCE}.Debug|x64.ActiveCfg = Debug|x64
		{01856013-9E24-4837-B05B-58AC717F5FCE}.Debug|x64.Build.0 = Debug|x64
		{01856013-9E24-4837-B05B-58AC717F5FCE}.Debug|x86.ActiveCfg = Debug|Win32
		{01856013-9E24-4837-B05B-58AC717F5FCE}.Debug|x86.Build.0 = Debug|Win32
		{01856013-9E24-4837-B05B-58AC717F5FCE}.Release|x64.ActiveCfg = Release|x64
		{01856013-9E24-4837-B05B-58AC717F5FCE}.Release|x64.Build.0 = Release|x64
		{01856013-9E24-4837-B05B-58AC717F5FCE}.Release|x86.ActiveCfg = Release|Win32
		{01856013-9E24-4837-B05B-58AC717F5FCE}.Release|x86.Build.0 = Release|Win32
	EndGlobalSection
	GlobalSection(SolutionProperties) = preSolution
		HideSolutionNode = FALSE
	EndGlobalSection
	GlobalSection(ExtensibilityGlobals) = postSolution
		SolutionGuid = {5FBFB6AF-6AFF-4E02-9481-9CD6748FC07A}
	EndGlobalSection
EndGlobal
